
Microsoft Visual Studio Solution File, Format Version 12.00
# Visual Studio Version 17
VisualStudioVersion = 17.7.34221.43
MinimumVisualStudioVersion = 10.0.40219.1
Project("{FAE04EC0-301F-11D3-BF4B-00C04F79EFBC}") = "WindowsFormsAppQuanly", "WindowsFormsAppQuanly\WindowsFormsAppQuanly.csproj", "{5098AB8C-A5BD-437B-8288-584A1D7F72D7}"
EndProject
Global
	GlobalSection(SolutionConfigurationPlatforms) = preSolution
		Debug|Any CPU = Debug|Any CPU
		Release|Any CPU = Release|Any CPU
	EndGlobalSection
	GlobalSection(ProjectConfigurationPlatforms) = postSolution
		{5098AB8C-A5BD-437B-8288-584A1D7F72D7}.Debug|Any CPU.ActiveCfg = Debug|Any CPU
		{5098AB8C-A5BD-437B-8288-584A1D7F72D7}.Debug|Any CPU.Build.0 = Debug|Any CPU
		{5098AB8C-A5BD-437B-8288-584A1D7F72D7}.Release|Any CPU.ActiveCfg = Release|Any CPU
		{5098AB8C-A5BD-437B-8288-584A1D7F72D7}.Release|Any CPU.Build.0 = Release|Any CPU
	EndGlobalSection
	GlobalSection(SolutionProperties) = preSolution
		HideSolutionNode = FALSE
	EndGlobalSection
	GlobalSection(ExtensibilityGlobals) = postSolution
		SolutionGuid = {2EDEFAD6-B694-4659-BF11-7C47081F4298}
	EndGlobalSection
EndGlobal
